
Microsoft Visual Studio Solution File, Format Version 12.00
# Visual Studio Version 17
VisualStudioVersion = 17.0.31903.59
MinimumVisualStudioVersion = 10.0.40219.1
Project("{2150E333-8FDC-42A3-9474-1A3956D46DE8}") = "src", "src", "{827E0CD3-B72D-47B6-A68D-7590B98EB39B}"
EndProject
Project("{FAE04EC0-301F-11D3-BF4B-00C04F79EFBC}") = "FamilySafety.API", "src\FamilySafety.API\FamilySafety.API.csproj", "{3699CF01-5B29-41B1-BF7F-C348DE901946}"
EndProject
Project("{FAE04EC0-301F-11D3-BF4B-00C04F79EFBC}") = "FamilySafety.Application", "src\FamilySafety.Application\FamilySafety.Application.csproj", "{09E24FC8-E555-44E7-99F5-AABD19E3D911}"
EndProject
Project("{FAE04EC0-301F-11D3-BF4B-00C04F79EFBC}") = "FamilySafety.Domain", "src\FamilySafety.Domain\FamilySafety.Domain.csproj", "{8EE2371D-670E-45A6-9BE5-A1FF066D1462}"
EndProject
Project("{FAE04EC0-301F-11D3-BF4B-00C04F79EFBC}") = "FamilySafety.Infrastructure", "src\FamilySafety.Infrastructure\FamilySafety.Infrastructure.csproj", "{60E44745-BD45-494A-B8CE-C52C62357744}"
EndProject
Project("{FAE04EC0-301F-11D3-BF4B-00C04F79EFBC}") = "FamilySafety.Shared", "src\FamilySafety.Shared\FamilySafety.Shared.csproj", "{ED8F4220-549F-43B7-A920-04C3D8118AF5}"
EndProject
Project("{2150E333-8FDC-42A3-9474-1A3956D46DE8}") = "tests", "tests", "{0AB3BF05-4346-4AA6-1389-037BE0695223}"
EndProject
Project("{FAE04EC0-301F-11D3-BF4B-00C04F79EFBC}") = "FamilySafety.UnitTests", "tests\FamilySafety.UnitTests\FamilySafety.UnitTests.csproj", "{C6B61332-CF94-4C02-9148-1BD99199E461}"
EndProject
Project("{FAE04EC0-301F-11D3-BF4B-00C04F79EFBC}") = "FamilySafety.IntegrationTests", "tests\FamilySafety.IntegrationTests\FamilySafety.IntegrationTests.csproj", "{6394E399-2D44-4774-964A-AC428D3F9DBA}"
EndProject
Global
	GlobalSection(SolutionConfigurationPlatforms) = preSolution
		Debug|Any CPU = Debug|Any CPU
		Debug|x64 = Debug|x64
		Debug|x86 = Debug|x86
		Release|Any CPU = Release|Any CPU
		Release|x64 = Release|x64
		Release|x86 = Release|x86
	EndGlobalSection
	GlobalSection(ProjectConfigurationPlatforms) = postSolution
		{3699CF01-5B29-41B1-BF7F-C348DE901946}.Debug|Any CPU.ActiveCfg = Debug|Any CPU
		{3699CF01-5B29-41B1-BF7F-C348DE901946}.Debug|Any CPU.Build.0 = Debug|Any CPU
		{3699CF01-5B29-41B1-BF7F-C348DE901946}.Debug|x64.ActiveCfg = Debug|Any CPU
		{3699CF01-5B29-41B1-BF7F-C348DE901946}.Debug|x64.Build.0 = Debug|Any CPU
		{3699CF01-5B29-41B1-BF7F-C348DE901946}.Debug|x86.ActiveCfg = Debug|Any CPU
		{3699CF01-5B29-41B1-BF7F-C348DE901946}.Debug|x86.Build.0 = Debug|Any CPU
		{3699CF01-5B29-41B1-BF7F-C348DE901946}.Release|Any CPU.ActiveCfg = Release|Any CPU
		{3699CF01-5B29-41B1-BF7F-C348DE901946}.Release|Any CPU.Build.0 = Release|Any CPU
		{3699CF01-5B29-41B1-BF7F-C348DE901946}.Release|x64.ActiveCfg = Release|Any CPU
		{3699CF01-5B29-41B1-BF7F-C348DE901946}.Release|x64.Build.0 = Release|Any CPU
		{3699CF01-5B29-41B1-BF7F-C348DE901946}.Release|x86.ActiveCfg = Release|Any CPU
		{3699CF01-5B29-41B1-BF7F-C348DE901946}.Release|x86.Build.0 = Release|Any CPU
		{09E24FC8-E555-44E7-99F5-AABD19E3D911}.Debug|Any CPU.ActiveCfg = Debug|Any CPU
		{09E24FC8-E555-44E7-99F5-AABD19E3D911}.Debug|Any CPU.Build.0 = Debug|Any CPU
		{09E24FC8-E555-44E7-99F5-AABD19E3D911}.Debug|x64.ActiveCfg = Debug|Any CPU
		{09E24FC8-E555-44E7-99F5-AABD19E3D911}.Debug|x64.Build.0 = Debug|Any CPU
		{09E24FC8-E555-44E7-99F5-AABD19E3D911}.Debug|x86.ActiveCfg = Debug|Any CPU
		{09E24FC8-E555-44E7-99F5-AABD19E3D911}.Debug|x86.Build.0 = Debug|Any CPU
		{09E24FC8-E555-44E7-99F5-AABD19E3D911}.Release|Any CPU.ActiveCfg = Release|Any CPU
		{09E24FC8-E555-44E7-99F5-AABD19E3D911}.Release|Any CPU.Build.0 = Release|Any CPU
		{09E24FC8-E555-44E7-99F5-AABD19E3D911}.Release|x64.ActiveCfg = Release|Any CPU
		{09E24FC8-E555-44E7-99F5-AABD19E3D911}.Release|x64.Build.0 = Release|Any CPU
		{09E24FC8-E555-44E7-99F5-AABD19E3D911}.Release|x86.ActiveCfg = Release|Any CPU
		{09E24FC8-E555-44E7-99F5-AABD19E3D911}.Release|x86.Build.0 = Release|Any CPU
		{8EE2371D-670E-45A6-9BE5-A1FF066D1462}.Debug|Any CPU.ActiveCfg = Debug|Any CPU
		{8EE2371D-670E-45A6-9BE5-A1FF066D1462}.Debug|Any CPU.Build.0 = Debug|Any CPU
		{8EE2371D-670E-45A6-9BE5-A1FF066D1462}.Debug|x64.ActiveCfg = Debug|Any CPU
		{8EE2371D-670E-45A6-9BE5-A1FF066D1462}.Debug|x64.Build.0 = Debug|Any CPU
		{8EE2371D-670E-45A6-9BE5-A1FF066D1462}.Debug|x86.ActiveCfg = Debug|Any CPU
		{8EE2371D-670E-45A6-9BE5-A1FF066D1462}.Debug|x86.Build.0 = Debug|Any CPU
		{8EE2371D-670E-45A6-9BE5-A1FF066D1462}.Release|Any CPU.ActiveCfg = Release|Any CPU
		{8EE2371D-670E-45A6-9BE5-A1FF066D1462}.Release|Any CPU.Build.0 = Release|Any CPU
		{8EE2371D-670E-45A6-9BE5-A1FF066D1462}.Release|x64.ActiveCfg = Release|Any CPU
		{8EE2371D-670E-45A6-9BE5-A1FF066D1462}.Release|x64.Build.0 = Release|Any CPU
		{8EE2371D-670E-45A6-9BE5-A1FF066D1462}.Release|x86.ActiveCfg = Release|Any CPU
		{8EE2371D-670E-45A6-9BE5-A1FF066D1462}.Release|x86.Build.0 = Release|Any CPU
		{60E44745-BD45-494A-B8CE-C52C62357744}.Debug|Any CPU.ActiveCfg = Debug|Any CPU
		{60E44745-BD45-494A-B8CE-C52C62357744}.Debug|Any CPU.Build.0 = Debug|Any CPU
		{60E44745-BD45-494A-B8CE-C52C62357744}.Debug|x64.ActiveCfg = Debug|Any CPU
		{60E44745-BD45-494A-B8CE-C52C62357744}.Debug|x64.Build.0 = Debug|Any CPU
		{60E44745-BD45-494A-B8CE-C52C62357744}.Debug|x86.ActiveCfg = Debug|Any CPU
		{60E44745-BD45-494A-B8CE-C52C62357744}.Debug|x86.Build.0 = Debug|Any CPU
		{60E44745-BD45-494A-B8CE-C52C62357744}.Release|Any CPU.ActiveCfg = Release|Any CPU
		{60E44745-BD45-494A-B8CE-C52C62357744}.Release|Any CPU.Build.0 = Release|Any CPU
		{60E44745-BD45-494A-B8CE-C52C62357744}.Release|x64.ActiveCfg = Release|Any CPU
		{60E44745-BD45-494A-B8CE-C52C62357744}.Release|x64.Build.0 = Release|Any CPU
		{60E44745-BD45-494A-B8CE-C52C62357744}.Release|x86.ActiveCfg = Release|Any CPU
		{60E44745-BD45-494A-B8CE-C52C62357744}.Release|x86.Build.0 = Release|Any CPU
		{ED8F4220-549F-43B7-A920-04C3D8118AF5}.Debug|Any CPU.ActiveCfg = Debug|Any CPU
		{ED8F4220-549F-43B7-A920-04C3D8118AF5}.Debug|Any CPU.Build.0 = Debug|Any CPU
		{ED8F4220-549F-43B7-A920-04C3D8118AF5}.Debug|x64.ActiveCfg = Debug|Any CPU
		{ED8F4220-549F-43B7-A920-04C3D8118AF5}.Debug|x64.Build.0 = Debug|Any CPU
		{ED8F4220-549F-43B7-A920-04C3D8118AF5}.Debug|x86.ActiveCfg = Debug|Any CPU
		{ED8F4220-549F-43B7-A920-04C3D8118AF5}.Debug|x86.Build.0 = Debug|Any CPU
		{ED8F4220-549F-43B7-A920-04C3D8118AF5}.Release|Any CPU.ActiveCfg = Release|Any CPU
		{ED8F4220-549F-43B7-A920-04C3D8118AF5}.Release|Any CPU.Build.0 = Release|Any CPU
		{ED8F4220-549F-43B7-A920-04C3D8118AF5}.Release|x64.ActiveCfg = Release|Any CPU
		{ED8F4220-549F-43B7-A920-04C3D8118AF5}.Release|x64.Build.0 = Release|Any CPU
		{ED8F4220-549F-43B7-A920-04C3D8118AF5}.Release|x86.ActiveCfg = Release|Any CPU
		{ED8F4220-549F-43B7-A920-04C3D8118AF5}.Release|x86.Build.0 = Release|Any CPU
		{C6B61332-CF94-4C02-9148-1BD99199E461}.Debug|Any CPU.ActiveCfg = Debug|Any CPU
		{C6B61332-CF94-4C02-9148-1BD99199E461}.Debug|Any CPU.Build.0 = Debug|Any CPU
		{C6B61332-CF94-4C02-9148-1BD99199E461}.Debug|x64.ActiveCfg = Debug|Any CPU
		{C6B61332-CF94-4C02-9148-1BD99199E461}.Debug|x64.Build.0 = Debug|Any CPU
		{C6B61332-CF94-4C02-9148-1BD99199E461}.Debug|x86.ActiveCfg = Debug|Any CPU
		{C6B61332-CF94-4C02-9148-1BD99199E461}.Debug|x86.Build.0 = Debug|Any CPU
		{C6B61332-CF94-4C02-9148-1BD99199E461}.Release|Any CPU.ActiveCfg = Release|Any CPU
		{C6B61332-CF94-4C02-9148-1BD99199E461}.Release|Any CPU.Build.0 = Release|Any CPU
		{C6B61332-CF94-4C02-9148-1BD99199E461}.Release|x64.ActiveCfg = Release|Any CPU
		{C6B61332-CF94-4C02-9148-1BD99199E461}.Release|x64.Build.0 = Release|Any CPU
		{C6B61332-CF94-4C02-9148-1BD99199E461}.Release|x86.ActiveCfg = Release|Any CPU
		{C6B61332-CF94-4C02-9148-1BD99199E461}.Release|x86.Build.0 = Release|Any CPU
		{6394E399-2D44-4774-964A-AC428D3F9DBA}.Debug|Any CPU.ActiveCfg = Debug|Any CPU
		{6394E399-2D44-4774-964A-AC428D3F9DBA}.Debug|Any CPU.Build.0 = Debug|Any CPU
		{6394E399-2D44-4774-964A-AC428D3F9DBA}.Debug|x64.ActiveCfg = Debug|Any CPU
		{6394E399-2D44-4774-964A-AC428D3F9DBA}.Debug|x64.Build.0 = Debug|Any CPU
		{6394E399-2D44-4774-964A-AC428D3F9DBA}.Debug|x86.ActiveCfg = Debug|Any CPU
		{6394E399-2D44-4774-964A-AC428D3F9DBA}.Debug|x86.Build.0 = Debug|Any CPU
		{6394E399-2D44-4774-964A-AC428D3F9DBA}.Release|Any CPU.ActiveCfg = Release|Any CPU
		{6394E399-2D44-4774-964A-AC428D3F9DBA}.Release|Any CPU.Build.0 = Release|Any CPU
		{6394E399-2D44-4774-964A-AC428D3F9DBA}.Release|x64.ActiveCfg = Release|Any CPU
		{6394E399-2D44-4774-964A-AC428D3F9DBA}.Release|x64.Build.0 = Release|Any CPU
		{6394E399-2D44-4774-964A-AC428D3F9DBA}.Release|x86.ActiveCfg = Release|Any CPU
		{6394E399-2D44-4774-964A-AC428D3F9DBA}.Release|x86.Build.0 = Release|Any CPU
	EndGlobalSection
	GlobalSection(SolutionProperties) = preSolution
		HideSolutionNode = FALSE
	EndGlobalSection
	GlobalSection(NestedProjects) = preSolution
		{3699CF01-5B29-41B1-BF7F-C348DE901946} = {827E0CD3-B72D-47B6-A68D-7590B98EB39B}
		{09E24FC8-E555-44E7-99F5-AABD19E3D911} = {827E0CD3-B72D-47B6-A68D-7590B98EB39B}
		{8EE2371D-670E-45A6-9BE5-A1FF066D1462} = {827E0CD3-B72D-47B6-A68D-7590B98EB39B}
		{60E44745-BD45-494A-B8CE-C52C62357744} = {827E0CD3-B72D-47B6-A68D-7590B98EB39B}
		{ED8F4220-549F-43B7-A920-04C3D8118AF5} = {827E0CD3-B72D-47B6-A68D-7590B98EB39B}
		{C6B61332-CF94-4C02-9148-1BD99199E461} = {0AB3BF05-4346-4AA6-1389-037BE0695223}
		{6394E399-2D44-4774-964A-AC428D3F9DBA} = {0AB3BF05-4346-4AA6-1389-037BE0695223}
	EndGlobalSection
EndGlobal
